// !$*UTF8*$!
{
	archiveVersion = 1;
	classes = {
	};
	objectVersion = 46;
	objects = {

/* Begin PBXBuildFile section */
		188AA02C1DC97A6400557C20 /* AppDelegate.swift in Sources */ = {isa = PBXBuildFile; fileRef = 188AA02B1DC97A6400557C20 /* AppDelegate.swift */; };
		188AA02E1DC97A6400557C20 /* ViewController.swift in Sources */ = {isa = PBXBuildFile; fileRef = 188AA02D1DC97A6400557C20 /* ViewController.swift */; };
		188AA0311DC97A6400557C20 /* Main.storyboard in Resources */ = {isa = PBXBuildFile; fileRef = 188AA02F1DC97A6400557C20 /* Main.storyboard */; };
		188AA0331DC97A6400557C20 /* Assets.xcassets in Resources */ = {isa = PBXBuildFile; fileRef = 188AA0321DC97A6400557C20 /* Assets.xcassets */; };
		188AA0361DC97A6400557C20 /* LaunchScreen.storyboard in Resources */ = {isa = PBXBuildFile; fileRef = 188AA0341DC97A6400557C20 /* LaunchScreen.storyboard */; };
		188AA0411DC97A6500557C20 /* CollectionViewDay5Tests.swift in Sources */ = {isa = PBXBuildFile; fileRef = 188AA0401DC97A6500557C20 /* CollectionViewDay5Tests.swift */; };
		188AA04C1DC97A6500557C20 /* CollectionViewDay5UITests.swift in Sources */ = {isa = PBXBuildFile; fileRef = 188AA04B1DC97A6500557C20 /* CollectionViewDay5UITests.swift */; };
/* End PBXBuildFile section */

/* Begin PBXContainerItemProxy section */
		188AA03D1DC97A6500557C20 /* PBXContainerItemProxy */ = {
			isa = PBXContainerItemProxy;
			containerPortal = 188AA0201DC97A6400557C20 /* Project object */;
			proxyType = 1;
			remoteGlobalIDString = 188AA0271DC97A6400557C20;
			remoteInfo = CollectionViewDay5;
		};
		188AA0481DC97A6500557C20 /* PBXContainerItemProxy */ = {
			isa = PBXContainerItemProxy;
			containerPortal = 188AA0201DC97A6400557C20 /* Project object */;
			proxyType = 1;
			remoteGlobalIDString = 188AA0271DC97A6400557C20;
			remoteInfo = CollectionViewDay5;
		};
/* End PBXContainerItemProxy section */

/* Begin PBXFileReference section */
		188AA0281DC97A6400557C20 /* CollectionViewDay5.app */ = {isa = PBXFileReference; explicitFileType = wrapper.application; includeInIndex = 0; path = CollectionViewDay5.app; sourceTree = BUILT_PRODUCTS_DIR; };
		188AA02B1DC97A6400557C20 /* AppDelegate.swift */ = {isa = PBXFileReference; lastKnownFileType = sourcecode.swift; path = AppDelegate.swift; sourceTree = "<group>"; };
		188AA02D1DC97A6400557C20 /* ViewController.swift */ = {isa = PBXFileReference; lastKnownFileType = sourcecode.swift; path = ViewController.swift; sourceTree = "<group>"; };
		188AA0301DC97A6400557C20 /* Base */ = {isa = PBXFileReference; lastKnownFileType = file.storyboard; name = Base; path = Base.lproj/Main.storyboard; sourceTree = "<group>"; };
		188AA0321DC97A6400557C20 /* Assets.xcassets */ = {isa = PBXFileReference; lastKnownFileType = folder.assetcatalog; path = Assets.xcassets; sourceTree = "<group>"; };
		188AA0351DC97A6400557C20 /* Base */ = {isa = PBXFileReference; lastKnownFileType = file.storyboard; name = Base; path = Base.lproj/LaunchScreen.storyboard; sourceTree = "<group>"; };
		188AA0371DC97A6400557C20 /* Info.plist */ = {isa = PBXFileReference; lastKnownFileType = text.plist.xml; path = Info.plist; sourceTree = "<group>"; };
		188AA03C1DC97A6500557C20 /* CollectionViewDay5Tests.xctest */ = {isa = PBXFileReference; explicitFileType = wrapper.cfbundle; includeInIndex = 0; path = CollectionViewDay5Tests.xctest; sourceTree = BUILT_PRODUCTS_DIR; };
		188AA0401DC97A6500557C20 /* CollectionViewDay5Tests.swift */ = {isa = PBXFileReference; lastKnownFileType = sourcecode.swift; path = CollectionViewDay5Tests.swift; sourceTree = "<group>"; };
		188AA0421DC97A6500557C20 /* Info.plist */ = {isa = PBXFileReference; lastKnownFileType = text.plist.xml; path = Info.plist; sourceTree = "<group>"; };
		188AA0471DC97A6500557C20 /* CollectionViewDay5UITests.xctest */ = {isa = PBXFileReference; explicitFileType = wrapper.cfbundle; includeInIndex = 0; path = CollectionViewDay5UITests.xctest; sourceTree = BUILT_PRODUCTS_DIR; };
		188AA04B1DC97A6500557C20 /* CollectionViewDay5UITests.swift */ = {isa = PBXFileReference; lastKnownFileType = sourcecode.swift; path = CollectionViewDay5UITests.swift; sourceTree = "<group>"; };
		188AA04D1DC97A6500557C20 /* Info.plist */ = {isa = PBXFileReference; lastKnownFileType = text.plist.xml; path = Info.plist; sourceTree = "<group>"; };
/* End PBXFileReference section */

/* Begin PBXFrameworksBuildPhase section */
		188AA0251DC97A6400557C20 /* Frameworks */ = {
			isa = PBXFrameworksBuildPhase;
			buildActionMask = 2147483647;
			files = (
			);
			runOnlyForDeploymentPostprocessing = 0;
		};
		188AA0391DC97A6500557C20 /* Frameworks */ = {
			isa = PBXFrameworksBuildPhase;
			buildActionMask = 2147483647;
			files = (
			);
			runOnlyForDeploymentPostprocessing = 0;
		};
		188AA0441DC97A6500557C20 /* Frameworks */ = {
			isa = PBXFrameworksBuildPhase;
			buildActionMask = 2147483647;
			files = (
			);
			runOnlyForDeploymentPostprocessing = 0;
		};
/* End PBXFrameworksBuildPhase section */

/* Begin PBXGroup section */
		188AA01F1DC97A6400557C20 = {
			isa = PBXGroup;
			children = (
				188AA02A1DC97A6400557C20 /* CollectionViewDay5 */,
				188AA03F1DC97A6500557C20 /* CollectionViewDay5Tests */,
				188AA04A1DC97A6500557C20 /* CollectionViewDay5UITests */,
				188AA0291DC97A6400557C20 /* Products */,
			);
			sourceTree = "<group>";
		};
		188AA0291DC97A6400557C20 /* Products */ = {
			isa = PBXGroup;
			children = (
				188AA0281DC97A6400557C20 /* CollectionViewDay5.app */,
				188AA03C1DC97A6500557C20 /* CollectionViewDay5Tests.xctest */,
				188AA0471DC97A6500557C20 /* CollectionViewDay5UITests.xctest */,
			);
			name = Products;
			sourceTree = "<group>";
		};
		188AA02A1DC97A6400557C20 /* CollectionViewDay5 */ = {
			isa = PBXGroup;
			children = (
				188AA02B1DC97A6400557C20 /* AppDelegate.swift */,
				188AA02D1DC97A6400557C20 /* ViewController.swift */,
				188AA02F1DC97A6400557C20 /* Main.storyboard */,
				188AA0321DC97A6400557C20 /* Assets.xcassets */,
				188AA0341DC97A6400557C20 /* LaunchScreen.storyboard */,
				188AA0371DC97A6400557C20 /* Info.plist */,
			);
			path = CollectionViewDay5;
			sourceTree = "<group>";
		};
		188AA03F1DC97A6500557C20 /* CollectionViewDay5Tests */ = {
			isa = PBXGroup;
			children = (
				188AA0401DC97A6500557C20 /* CollectionViewDay5Tests.swift */,
				188AA0421DC97A6500557C20 /* Info.plist */,
			);
			path = CollectionViewDay5Tests;
			sourceTree = "<group>";
		};
		188AA04A1DC97A6500557C20 /* CollectionViewDay5UITests */ = {
			isa = PBXGroup;
			children = (
				188AA04B1DC97A6500557C20 /* CollectionViewDay5UITests.swift */,
				188AA04D1DC97A6500557C20 /* Info.plist */,
			);
			path = CollectionViewDay5UITests;
			sourceTree = "<group>";
		};
/* End PBXGroup section */

/* Begin PBXNativeTarget section */
		188AA0271DC97A6400557C20 /* CollectionViewDay5 */ = {
			isa = PBXNativeTarget;
			buildConfigurationList = 188AA0501DC97A6500557C20 /* Build configuration list for PBXNativeTarget "CollectionViewDay5" */;
			buildPhases = (
				188AA0241DC97A6400557C20 /* Sources */,
				188AA0251DC97A6400557C20 /* Frameworks */,
				188AA0261DC97A6400557C20 /* Resources */,
			);
			buildRules = (
			);
			dependencies = (
			);
			name = CollectionViewDay5;
			productName = CollectionViewDay5;
			productReference = 188AA0281DC97A6400557C20 /* CollectionViewDay5.app */;
			productType = "com.apple.product-type.application";
		};
		188AA03B1DC97A6500557C20 /* CollectionViewDay5Tests */ = {
			isa = PBXNativeTarget;
			buildConfigurationList = 188AA0531DC97A6500557C20 /* Build configuration list for PBXNativeTarget "CollectionViewDay5Tests" */;
			buildPhases = (
				188AA0381DC97A6500557C20 /* Sources */,
				188AA0391DC97A6500557C20 /* Frameworks */,
				188AA03A1DC97A6500557C20 /* Resources */,
			);
			buildRules = (
			);
			dependencies = (
				188AA03E1DC97A6500557C20 /* PBXTargetDependency */,
			);
			name = CollectionViewDay5Tests;
			productName = CollectionViewDay5Tests;
			productReference = 188AA03C1DC97A6500557C20 /* CollectionViewDay5Tests.xctest */;
			productType = "com.apple.product-type.bundle.unit-test";
		};
		188AA0461DC97A6500557C20 /* CollectionViewDay5UITests */ = {
			isa = PBXNativeTarget;
			buildConfigurationList = 188AA0561DC97A6500557C20 /* Build configuration list for PBXNativeTarget "CollectionViewDay5UITests" */;
			buildPhases = (
				188AA0431DC97A6500557C20 /* Sources */,
				188AA0441DC97A6500557C20 /* Frameworks */,
				188AA0451DC97A6500557C20 /* Resources */,
			);
			buildRules = (
			);
			dependencies = (
				188AA0491DC97A6500557C20 /* PBXTargetDependency */,
			);
			name = CollectionViewDay5UITests;
			productName = CollectionViewDay5UITests;
			productReference = 188AA0471DC97A6500557C20 /* CollectionViewDay5UITests.xctest */;
			productType = "com.apple.product-type.bundle.ui-testing";
		};
/* End PBXNativeTarget section */

/* Begin PBXProject section */
		188AA0201DC97A6400557C20 /* Project object */ = {
			isa = PBXProject;
			attributes = {
				LastSwiftUpdateCheck = 0810;
				LastUpgradeCheck = 0810;
				ORGANIZATIONNAME = "Tung Nguyen";
				TargetAttributes = {
					188AA0271DC97A6400557C20 = {
						CreatedOnToolsVersion = 8.1;
						DevelopmentTeam = CPE466AXV3;
						ProvisioningStyle = Automatic;
					};
					188AA03B1DC97A6500557C20 = {
						CreatedOnToolsVersion = 8.1;
						DevelopmentTeam = CPE466AXV3;
						ProvisioningStyle = Automatic;
						TestTargetID = 188AA0271DC97A6400557C20;
					};
					188AA0461DC97A6500557C20 = {
						CreatedOnToolsVersion = 8.1;
						DevelopmentTeam = CPE466AXV3;
						ProvisioningStyle = Automatic;
						TestTargetID = 188AA0271DC97A6400557C20;
					};
				};
			};
			buildConfigurationList = 188AA0231DC97A6400557C20 /* Build configuration list for PBXProject "CollectionViewDay5" */;
			compatibilityVersion = "Xcode 3.2";
			developmentRegion = English;
			hasScannedForEncodings = 0;
			knownRegions = (
				en,
				Base,
			);
			mainGroup = 188AA01F1DC97A6400557C20;
			productRefGroup = 188AA0291DC97A6400557C20 /* Products */;
			projectDirPath = "";
			projectRoot = "";
			targets = (
				188AA0271DC97A6400557C20 /* CollectionViewDay5 */,
				188AA03B1DC97A6500557C20 /* CollectionViewDay5Tests */,
				188AA0461DC97A6500557C20 /* CollectionViewDay5UITests */,
			);
		};
/* End PBXProject section */

/* Begin PBXResourcesBuildPhase section */
		188AA0261DC97A6400557C20 /* Resources */ = {
			isa = PBXResourcesBuildPhase;
			buildActionMask = 2147483647;
			files = (
				188AA0361DC97A6400557C20 /* LaunchScreen.storyboard in Resources */,
				188AA0331DC97A6400557C20 /* Assets.xcassets in Resources */,
				188AA0311DC97A6400557C20 /* Main.storyboard in Resources */,
			);
			runOnlyForDeploymentPostprocessing = 0;
		};
		188AA03A1DC97A6500557C20 /* Resources */ = {
			isa = PBXResourcesBuildPhase;
			buildActionMask = 2147483647;
			files = (
			);
			runOnlyForDeploymentPostprocessing = 0;
		};
		188AA0451DC97A6500557C20 /* Resources */ = {
			isa = PBXResourcesBuildPhase;
			buildActionMask = 2147483647;
			files = (
			);
			runOnlyForDeploymentPostprocessing = 0;
		};
/* End PBXResourcesBuildPhase section */

/* Begin PBXSourcesBuildPhase section */
		188AA0241DC97A6400557C20 /* Sources */ = {
			isa = PBXSourcesBuildPhase;
			buildActionMask = 2147483647;
			files = (
				188AA02E1DC97A6400557C20 /* ViewController.swift in Sources */,
				188AA02C1DC97A6400557C20 /* AppDelegate.swift in Sources */,
			);
			runOnlyForDeploymentPostprocessing = 0;
		};
		188AA0381DC97A6500557C20 /* Sources */ = {
			isa = PBXSourcesBuildPhase;
			buildActionMask = 2147483647;
			files = (
				188AA0411DC97A6500557C20 /* CollectionViewDay5Tests.swift in Sources */,
			);
			runOnlyForDeploymentPostprocessing = 0;
		};
		188AA0431DC97A6500557C20 /* Sources */ = {
			isa = PBXSourcesBuildPhase;
			buildActionMask = 2147483647;
			files = (
				188AA04C1DC97A6500557C20 /* CollectionViewDay5UITests.swift in Sources */,
			);
			runOnlyForDeploymentPostprocessing = 0;
		};
/* End PBXSourcesBuildPhase section */

/* Begin PBXTargetDependency section */
		188AA03E1DC97A6500557C20 /* PBXTargetDependency */ = {
			isa = PBXTargetDependency;
			target = 188AA0271DC97A6400557C20 /* CollectionViewDay5 */;
			targetProxy = 188AA03D1DC97A6500557C20 /* PBXContainerItemProxy */;
		};
		188AA0491DC97A6500557C20 /* PBXTargetDependency */ = {
			isa = PBXTargetDependency;
			target = 188AA0271DC97A6400557C20 /* CollectionViewDay5 */;
			targetProxy = 188AA0481DC97A6500557C20 /* PBXContainerItemProxy */;
		};
/* End PBXTargetDependency section */

/* Begin PBXVariantGroup section */
		188AA02F1DC97A6400557C20 /* Main.storyboard */ = {
			isa = PBXVariantGroup;
			children = (
				188AA0301DC97A6400557C20 /* Base */,
			);
			name = Main.storyboard;
			sourceTree = "<group>";
		};
		188AA0341DC97A6400557C20 /* LaunchScreen.storyboard */ = {
			isa = PBXVariantGroup;
			children = (
				188AA0351DC97A6400557C20 /* Base */,
			);
			name = LaunchScreen.storyboard;
			sourceTree = "<group>";
		};
/* End PBXVariantGroup section */

/* Begin XCBuildConfiguration section */
		188AA04E1DC97A6500557C20 /* Debug */ = {
			isa = XCBuildConfiguration;
			buildSettings = {
				ALWAYS_SEARCH_USER_PATHS = NO;
				CLANG_ANALYZER_NONNULL = YES;
				CLANG_CXX_LANGUAGE_STANDARD = "gnu++0x";
				CLANG_CXX_LIBRARY = "libc++";
				CLANG_ENABLE_MODULES = YES;
				CLANG_ENABLE_OBJC_ARC = YES;
				CLANG_WARN_BOOL_CONVERSION = YES;
				CLANG_WARN_CONSTANT_CONVERSION = YES;
				CLANG_WARN_DIRECT_OBJC_ISA_USAGE = YES_ERROR;
				CLANG_WARN_DOCUMENTATION_COMMENTS = YES;
				CLANG_WARN_EMPTY_BODY = YES;
				CLANG_WARN_ENUM_CONVERSION = YES;
				CLANG_WARN_INFINITE_RECURSION = YES;
				CLANG_WARN_INT_CONVERSION = YES;
				CLANG_WARN_OBJC_ROOT_CLASS = YES_ERROR;
				CLANG_WARN_SUSPICIOUS_MOVES = YES;
				CLANG_WARN_UNREACHABLE_CODE = YES;
				CLANG_WARN__DUPLICATE_METHOD_MATCH = YES;
				"CODE_SIGN_IDENTITY[sdk=iphoneos*]" = "iPhone Developer";
				COPY_PHASE_STRIP = NO;
				DEBUG_INFORMATION_FORMAT = dwarf;
				ENABLE_STRICT_OBJC_MSGSEND = YES;
				ENABLE_TESTABILITY = YES;
				GCC_C_LANGUAGE_STANDARD = gnu99;
				GCC_DYNAMIC_NO_PIC = NO;
				GCC_NO_COMMON_BLOCKS = YES;
				GCC_OPTIMIZATION_LEVEL = 0;
				GCC_PREPROCESSOR_DEFINITIONS = (
					"DEBUG=1",
					"$(inherited)",
				);
				GCC_WARN_64_TO_32_BIT_CONVERSION = YES;
				GCC_WARN_ABOUT_RETURN_TYPE = YES_ERROR;
				GCC_WARN_UNDECLARED_SELECTOR = YES;
				GCC_WARN_UNINITIALIZED_AUTOS = YES_AGGRESSIVE;
				GCC_WARN_UNUSED_FUNCTION = YES;
				GCC_WARN_UNUSED_VARIABLE = YES;
				IPHONEOS_DEPLOYMENT_TARGET = 10.1;
				MTL_ENABLE_DEBUG_INFO = YES;
				ONLY_ACTIVE_ARCH = YES;
				SDKROOT = iphoneos;
				SWIFT_ACTIVE_COMPILATION_CONDITIONS = DEBUG;
				SWIFT_OPTIMIZATION_LEVEL = "-Onone";
				TARGETED_DEVICE_FAMILY = "1,2";
			};
			name = Debug;
		};
		188AA04F1DC97A6500557C20 /* Release */ = {
			isa = XCBuildConfiguration;
			buildSettings = {
				ALWAYS_SEARCH_USER_PATHS = NO;
				CLANG_ANALYZER_NONNULL = YES;
				CLANG_CXX_LANGUAGE_STANDARD = "gnu++0x";
				CLANG_CXX_LIBRARY = "libc++";
				CLANG_ENABLE_MODULES = YES;
				CLANG_ENABLE_OBJC_ARC = YES;
				CLANG_WARN_BOOL_CONVERSION = YES;
				CLANG_WARN_CONSTANT_CONVERSION = YES;
				CLANG_WARN_DIRECT_OBJC_ISA_USAGE = YES_ERROR;
				CLANG_WARN_DOCUMENTATION_COMMENTS = YES;
				CLANG_WARN_EMPTY_BODY = YES;
				CLANG_WARN_ENUM_CONVERSION = YES;
				CLANG_WARN_INFINITE_RECURSION = YES;
				CLANG_WARN_INT_CONVERSION = YES;
				CLANG_WARN_OBJC_ROOT_CLASS = YES_ERROR;
				CLANG_WARN_SUSPICIOUS_MOVES = YES;
				CLANG_WARN_UNREACHABLE_CODE = YES;
				CLANG_WARN__DUPLICATE_METHOD_MATCH = YES;
				"CODE_SIGN_IDENTITY[sdk=iphoneos*]" = "iPhone Developer";
				COPY_PHASE_STRIP = NO;
				DEBUG_INFORMATION_FORMAT = "dwarf-with-dsym";
				ENABLE_NS_ASSERTIONS = NO;
				ENABLE_STRICT_OBJC_MSGSEND = YES;
				GCC_C_LANGUAGE_STANDARD = gnu99;
				GCC_NO_COMMON_BLOCKS = YES;
				GCC_WARN_64_TO_32_BIT_CONVERSION = YES;
				GCC_WARN_ABOUT_RETURN_TYPE = YES_ERROR;
				GCC_WARN_UNDECLARED_SELECTOR = YES;
				GCC_WARN_UNINITIALIZED_AUTOS = YES_AGGRESSIVE;
				GCC_WARN_UNUSED_FUNCTION = YES;
				GCC_WARN_UNUSED_VARIABLE = YES;
				IPHONEOS_DEPLOYMENT_TARGET = 10.1;
				MTL_ENABLE_DEBUG_INFO = NO;
				SDKROOT = iphoneos;
				SWIFT_OPTIMIZATION_LEVEL = "-Owholemodule";
				TARGETED_DEVICE_FAMILY = "1,2";
				VALIDATE_PRODUCT = YES;
			};
			name = Release;
		};
		188AA0511DC97A6500557C20 /* Debug */ = {
			isa = XCBuildConfiguration;
			buildSettings = {
				ASSETCATALOG_COMPILER_APPICON_NAME = AppIcon;
				DEVELOPMENT_TEAM = CPE466AXV3;
				INFOPLIST_FILE = CollectionViewDay5/Info.plist;
				LD_RUNPATH_SEARCH_PATHS = "$(inherited) @executable_path/Frameworks";
				PRODUCT_BUNDLE_IDENTIFIER = com.directv.mobile.tung.CollectionViewDay5;
				PRODUCT_NAME = "$(TARGET_NAME)";
				SWIFT_VERSION = 3.0;
			};
			name = Debug;
		};
		188AA0521DC97A6500557C20 /* Release */ = {
			isa = XCBuildConfiguration;
			buildSettings = {
				ASSETCATALOG_COMPILER_APPICON_NAME = AppIcon;
				DEVELOPMENT_TEAM = CPE466AXV3;
				INFOPLIST_FILE = CollectionViewDay5/Info.plist;
				LD_RUNPATH_SEARCH_PATHS = "$(inherited) @executable_path/Frameworks";
				PRODUCT_BUNDLE_IDENTIFIER = com.directv.mobile.tung.CollectionViewDay5;
				PRODUCT_NAME = "$(TARGET_NAME)";
				SWIFT_VERSION = 3.0;
			};
			name = Release;
		};
		188AA0541DC97A6500557C20 /* Debug */ = {
			isa = XCBuildConfiguration;
			buildSettings = {
				ALWAYS_EMBED_SWIFT_STANDARD_LIBRARIES = YES;
				BUNDLE_LOADER = "$(TEST_HOST)";
				DEVELOPMENT_TEAM = CPE466AXV3;
				INFOPLIST_FILE = CollectionViewDay5Tests/Info.plist;
				LD_RUNPATH_SEARCH_PATHS = "$(inherited) @executable_path/Frameworks @loader_path/Frameworks";
				PRODUCT_BUNDLE_IDENTIFIER = com.directv.mobile.tung.CollectionViewDay5Tests;
				PRODUCT_NAME = "$(TARGET_NAME)";
				SWIFT_VERSION = 3.0;
				TEST_HOST = "$(BUILT_PRODUCTS_DIR)/CollectionViewDay5.app/CollectionViewDay5";
			};
			name = Debug;
		};
		188AA0551DC97A6500557C20 /* Release */ = {
			isa = XCBuildConfiguration;
			buildSettings = {
				ALWAYS_EMBED_SWIFT_STANDARD_LIBRARIES = YES;
				BUNDLE_LOADER = "$(TEST_HOST)";
				DEVELOPMENT_TEAM = CPE466AXV3;
				INFOPLIST_FILE = CollectionViewDay5Tests/Info.plist;
				LD_RUNPATH_SEARCH_PATHS = "$(inherited) @executable_path/Frameworks @loader_path/Frameworks";
				PRODUCT_BUNDLE_IDENTIFIER = com.directv.mobile.tung.CollectionViewDay5Tests;
				PRODUCT_NAME = "$(TARGET_NAME)";
				SWIFT_VERSION = 3.0;
				TEST_HOST = "$(BUILT_PRODUCTS_DIR)/CollectionViewDay5.app/CollectionViewDay5";
			};
			name = Release;
		};
		188AA0571DC97A6500557C20 /* Debug */ = {
			isa = XCBuildConfiguration;
			buildSettings = {
				ALWAYS_EMBED_SWIFT_STANDARD_LIBRARIES = YES;
				DEVELOPMENT_TEAM = CPE466AXV3;
				INFOPLIST_FILE = CollectionViewDay5UITests/Info.plist;
				LD_RUNPATH_SEARCH_PATHS = "$(inherited) @executable_path/Frameworks @loader_path/Frameworks";
				PRODUCT_BUNDLE_IDENTIFIER = com.directv.mobile.tung.CollectionViewDay5UITests;
				PRODUCT_NAME = "$(TARGET_NAME)";
				SWIFT_VERSION = 3.0;
				TEST_TARGET_NAME = CollectionViewDay5;
			};
			name = Debug;
		};
		188AA0581DC97A6500557C20 /* Release */ = {
			isa = XCBuildConfiguration;
			buildSettings = {
				ALWAYS_EMBED_SWIFT_STANDARD_LIBRARIES = YES;
				DEVELOPMENT_TEAM = CPE466AXV3;
				INFOPLIST_FILE = CollectionViewDay5UITests/Info.plist;
				LD_RUNPATH_SEARCH_PATHS = "$(inherited) @executable_path/Frameworks @loader_path/Frameworks";
				PRODUCT_BUNDLE_IDENTIFIER = com.directv.mobile.tung.CollectionViewDay5UITests;
				PRODUCT_NAME = "$(TARGET_NAME)";
				SWIFT_VERSION = 3.0;
				TEST_TARGET_NAME = CollectionViewDay5;
			};
			name = Release;
		};
/* End XCBuildConfiguration section */

/* Begin XCConfigurationList section */
		188AA0231DC97A6400557C20 /* Build configuration list for PBXProject "CollectionViewDay5" */ = {
			isa = XCConfigurationList;
			buildConfigurations = (
				188AA04E1DC97A6500557C20 /* Debug */,
				188AA04F1DC97A6500557C20 /* Release */,
			);
			defaultConfigurationIsVisible = 0;
			defaultConfigurationName = Release;
		};
		188AA0501DC97A6500557C20 /* Build configuration list for PBXNativeTarget "CollectionViewDay5" */ = {
			isa = XCConfigurationList;
			buildConfigurations = (
				188AA0511DC97A6500557C20 /* Debug */,
				188AA0521DC97A6500557C20 /* Release */,
			);
			defaultConfigurationIsVisible = 0;
		};
		188AA0531DC97A6500557C20 /* Build configuration list for PBXNativeTarget "CollectionViewDay5Tests" */ = {
			isa = XCConfigurationList;
			buildConfigurations = (
				188AA0541DC97A6500557C20 /* Debug */,
				188AA0551DC97A6500557C20 /* Release */,
			);
			defaultConfigurationIsVisible = 0;
		};
		188AA0561DC97A6500557C20 /* Build configuration list for PBXNativeTarget "CollectionViewDay5UITests" */ = {
			isa = XCConfigurationList;
			buildConfigurations = (
				188AA0571DC97A6500557C20 /* Debug */,
				188AA0581DC97A6500557C20 /* Release */,
			);
			defaultConfigurationIsVisible = 0;
		};
/* End XCConfigurationList section */
	};
	rootObject = 188AA0201DC97A6400557C20 /* Project object */;
}
